uuid: cf9010dc-e775-4207-ad7e-81974c77705c
langcode: en
status: true
dependencies:
  config:
    - views.view.features_articles
  module:
    - system
    - views
  theme:
    - napo_theme
id: views_block__features_articles_block
theme: napo_theme
region: home_page
weight: -12
provider: null
plugin: 'views_block:features_articles-block'
settings:
  id: 'views_block:features_articles-block'
  label: 'Learning with Napo'
  label_display: visible
  provider: views
  views_label: 'Learning with Napo'
  items_per_page: none
visibility:
  request_path:
    id: request_path
    negate: false
    pages: '<front>'
