uuid: 568ba62b-29ea-4d0c-b748-7a4c650a79b0
langcode: en
status: false
dependencies:
  config:
    - views.view.episode_list
  module:
    - views
  theme:
    - napo_theme
id: views_block__episode_list_block
theme: napo_theme
region: content
weight: -8
provider: null
plugin: 'views_block:episode_list-block'
settings:
  id: 'views_block:episode_list-block'
  label: ''
  provider: views
  label_display: visible
  views_label: ''
  items_per_page: none
visibility: {  }
