uuid: f7380c29-0dc7-4e6d-ac4a-24b9c3ecab89
langcode: en
status: true
dependencies:
  config:
    - views.view.frontpage_custom_video
  module:
    - views
  theme:
    - napo_theme
id: views_block__frontpage_custom_video_block
theme: napo_theme
region: home_page
weight: -14
provider: null
plugin: 'views_block:frontpage_custom_video-block'
settings:
  id: 'views_block:frontpage_custom_video-block'
  label: ''
  provider: views
  label_display: '0'
  views_label: ''
  items_per_page: none
visibility: {  }
